// !$*UTF8*$!
{
	archiveVersion = 1;
	classes = {
	};
	objectVersion = 46;
	objects = {

/* Begin PBXBuildFile section */
		444BE97E1D4EE57900659BBA /* main.m in Sources */ = {isa = PBXBuildFile; fileRef = 444BE97D1D4EE57900659BBA /* main.m */; };
		444BE9811D4EE57900659BBA /* AppDelegate.m in Sources */ = {isa = PBXBuildFile; fileRef = 444BE9801D4EE57900659BBA /* AppDelegate.m */; };
		444BE9841D4EE57900659BBA /* ViewController.m in Sources */ = {isa = PBXBuildFile; fileRef = 444BE9831D4EE57900659BBA /* ViewController.m */; };
		444BE9871D4EE57900659BBA /* Main.storyboard in Resources */ = {isa = PBXBuildFile; fileRef = 444BE9851D4EE57900659BBA /* Main.storyboard */; };
		444BE9891D4EE57900659BBA /* Assets.xcassets in Resources */ = {isa = PBXBuildFile; fileRef = 444BE9881D4EE57900659BBA /* Assets.xcassets */; };
		444BE98C1D4EE57900659BBA /* LaunchScreen.storyboard in Resources */ = {isa = PBXBuildFile; fileRef = 444BE98A1D4EE57900659BBA /* LaunchScreen.storyboard */; };
		444BE9941D4EEAD700659BBA /* CoreFoundation.framework in Frameworks */ = {isa = PBXBuildFile; fileRef = 444BE9931D4EEAD700659BBA /* CoreFoundation.framework */; };
/* End PBXBuildFile section */

/* Begin PBXFileReference section */
		444BE9791D4EE57900659BBA /* RunloopExpress.app */ = {isa = PBXFileReference; explicitFileType = wrapper.application; includeInIndex = 0; path = RunloopExpress.app; sourceTree = BUILT_PRODUCTS_DIR; };
		444BE97D1D4EE57900659BBA /* main.m */ = {isa = PBXFileReference; lastKnownFileType = sourcecode.c.objc; path = main.m; sourceTree = "<group>"; };
		444BE97F1D4EE57900659BBA /* AppDelegate.h */ = {isa = PBXFileReference; lastKnownFileType = sourcecode.c.h; path = AppDelegate.h; sourceTree = "<group>"; };
		444BE9801D4EE57900659BBA /* AppDelegate.m */ = {isa = PBXFileReference; lastKnownFileType = sourcecode.c.objc; path = AppDelegate.m; sourceTree = "<group>"; };
		444BE9821D4EE57900659BBA /* ViewController.h */ = {isa = PBXFileReference; lastKnownFileType = sourcecode.c.h; path = ViewController.h; sourceTree = "<group>"; };
		444BE9831D4EE57900659BBA /* ViewController.m */ = {isa = PBXFileReference; lastKnownFileType = sourcecode.c.objc; path = ViewController.m; sourceTree = "<group>"; };
		444BE9861D4EE57900659BBA /* Base */ = {isa = PBXFileReference; lastKnownFileType = file.storyboard; name = Base; path = Base.lproj/Main.storyboard; sourceTree = "<group>"; };
		444BE9881D4EE57900659BBA /* Assets.xcassets */ = {isa = PBXFileReference; lastKnownFileType = folder.assetcatalog; path = Assets.xcassets; sourceTree = "<group>"; };
		444BE98B1D4EE57900659BBA /* Base */ = {isa = PBXFileReference; lastKnownFileType = file.storyboard; name = Base; path = Base.lproj/LaunchScreen.storyboard; sourceTree = "<group>"; };
		444BE98D1D4EE57900659BBA /* Info.plist */ = {isa = PBXFileReference; lastKnownFileType = text.plist.xml; path = Info.plist; sourceTree = "<group>"; };
		444BE9931D4EEAD700659BBA /* CoreFoundation.framework */ = {isa = PBXFileReference; lastKnownFileType = wrapper.framework; name = CoreFoundation.framework; path = System/Library/Frameworks/CoreFoundation.framework; sourceTree = SDKROOT; };
/* End PBXFileReference section */

/* Begin PBXFrameworksBuildPhase section */
		444BE9761D4EE57900659BBA /* Frameworks */ = {
			isa = PBXFrameworksBuildPhase;
			buildActionMask = 2147483647;
			files = (
				444BE9941D4EEAD700659BBA /* CoreFoundation.framework in Frameworks */,
			);
			runOnlyForDeploymentPostprocessing = 0;
		};
/* End PBXFrameworksBuildPhase section */

/* Begin PBXGroup section */
		444BE9701D4EE57900659BBA = {
			isa = PBXGroup;
			children = (
				444BE9931D4EEAD700659BBA /* CoreFoundation.framework */,
				444BE97B1D4EE57900659BBA /* RunloopExpress */,
				444BE97A1D4EE57900659BBA /* Products */,
			);
			sourceTree = "<group>";
		};
		444BE97A1D4EE57900659BBA /* Products */ = {
			isa = PBXGroup;
			children = (
				444BE9791D4EE57900659BBA /* RunloopExpress.app */,
			);
			name = Products;
			sourceTree = "<group>";
		};
		444BE97B1D4EE57900659BBA /* RunloopExpress */ = {
			isa = PBXGroup;
			children = (
				444BE97F1D4EE57900659BBA /* AppDelegate.h */,
				444BE9801D4EE57900659BBA /* AppDelegate.m */,
				444BE9821D4EE57900659BBA /* ViewController.h */,
				444BE9831D4EE57900659BBA /* ViewController.m */,
				444BE9851D4EE57900659BBA /* Main.storyboard */,
				444BE9881D4EE57900659BBA /* Assets.xcassets */,
				444BE98A1D4EE57900659BBA /* LaunchScreen.storyboard */,
				444BE98D1D4EE57900659BBA /* Info.plist */,
				444BE97C1D4EE57900659BBA /* Supporting Files */,
			);
			path = RunloopExpress;
			sourceTree = "<group>";
		};
		444BE97C1D4EE57900659BBA /* Supporting Files */ = {
			isa = PBXGroup;
			children = (
				444BE97D1D4EE57900659BBA /* main.m */,
			);
			name = "Supporting Files";
			sourceTree = "<group>";
		};
/* End PBXGroup section */

/* Begin PBXNativeTarget section */
		444BE9781D4EE57900659BBA /* RunloopExpress */ = {
			isa = PBXNativeTarget;
			buildConfigurationList = 444BE9901D4EE57900659BBA /* Build configuration list for PBXNativeTarget "RunloopExpress" */;
			buildPhases = (
				444BE9751D4EE57900659BBA /* Sources */,
				444BE9761D4EE57900659BBA /* Frameworks */,
				444BE9771D4EE57900659BBA /* Resources */,
			);
			buildRules = (
			);
			dependencies = (
			);
			name = RunloopExpress;
			productName = RunloopExpress;
			productReference = 444BE9791D4EE57900659BBA /* RunloopExpress.app */;
			productType = "com.apple.product-type.application";
		};
/* End PBXNativeTarget section */

/* Begin PBXProject section */
		444BE9711D4EE57900659BBA /* Project object */ = {
			isa = PBXProject;
			attributes = {
				LastUpgradeCheck = 0730;
				ORGANIZATIONNAME = JianRongCao;
				TargetAttributes = {
					444BE9781D4EE57900659BBA = {
						CreatedOnToolsVersion = 7.3.1;
						DevelopmentTeam = 4UC89CVV3Y;
					};
				};
			};
			buildConfigurationList = 444BE9741D4EE57900659BBA /* Build configuration list for PBXProject "RunloopExpress" */;
			compatibilityVersion = "Xcode 3.2";
			developmentRegion = English;
			hasScannedForEncodings = 0;
			knownRegions = (
				en,
				Base,
			);
			mainGroup = 444BE9701D4EE57900659BBA;
			productRefGroup = 444BE97A1D4EE57900659BBA /* Products */;
			projectDirPath = "";
			projectRoot = "";
			targets = (
				444BE9781D4EE57900659BBA /* RunloopExpress */,
			);
		};
/* End PBXProject section */

/* Begin PBXResourcesBuildPhase section */
		444BE9771D4EE57900659BBA /* Resources */ = {
			isa = PBXResourcesBuildPhase;
			buildActionMask = 2147483647;
			files = (
				444BE98C1D4EE57900659BBA /* LaunchScreen.storyboard in Resources */,
				444BE9891D4EE57900659BBA /* Assets.xcassets in Resources */,
				444BE9871D4EE57900659BBA /* Main.storyboard in Resources */,
			);
			runOnlyForDeploymentPostprocessing = 0;
		};
/* End PBXResourcesBuildPhase section */

/* Begin PBXSourcesBuildPhase section */
		444BE9751D4EE57900659BBA /* Sources */ = {
			isa = PBXSourcesBuildPhase;
			buildActionMask = 2147483647;
			files = (
				444BE9841D4EE57900659BBA /* ViewController.m in Sources */,
				444BE9811D4EE57900659BBA /* AppDelegate.m in Sources */,
				444BE97E1D4EE57900659BBA /* main.m in Sources */,
			);
			runOnlyForDeploymentPostprocessing = 0;
		};
/* End PBXSourcesBuildPhase section */

/* Begin PBXVariantGroup section */
		444BE9851D4EE57900659BBA /* Main.storyboard */ = {
			isa = PBXVariantGroup;
			children = (
				444BE9861D4EE57900659BBA /* Base */,
			);
			name = Main.storyboard;
			sourceTree = "<group>";
		};
		444BE98A1D4EE57900659BBA /* LaunchScreen.storyboard */ = {
			isa = PBXVariantGroup;
			children = (
				444BE98B1D4EE57900659BBA /* Base */,
			);
			name = LaunchScreen.storyboard;
			sourceTree = "<group>";
		};
/* End PBXVariantGroup section */

/* Begin XCBuildConfiguration section */
		444BE98E1D4EE57900659BBA /* Debug */ = {
			isa = XCBuildConfiguration;
			buildSettings = {
				ALWAYS_SEARCH_USER_PATHS = NO;
				CLANG_ANALYZER_NONNULL = YES;
				CLANG_CXX_LANGUAGE_STANDARD = "gnu++0x";
				CLANG_CXX_LIBRARY = "libc++";
				CLANG_ENABLE_MODULES = YES;
				CLANG_ENABLE_OBJC_ARC = YES;
				CLANG_WARN_BOOL_CONVERSION = YES;
				CLANG_WARN_CONSTANT_CONVERSION = YES;
				CLANG_WARN_DIRECT_OBJC_ISA_USAGE = YES_ERROR;
				CLANG_WARN_EMPTY_BODY = YES;
				CLANG_WARN_ENUM_CONVERSION = YES;
				CLANG_WARN_INT_CONVERSION = YES;
				CLANG_WARN_OBJC_ROOT_CLASS = YES_ERROR;
				CLANG_WARN_UNREACHABLE_CODE = YES;
				CLANG_WARN__DUPLICATE_METHOD_MATCH = YES;
				"CODE_SIGN_IDENTITY[sdk=iphoneos*]" = "iPhone Developer";
				COPY_PHASE_STRIP = NO;
				DEBUG_INFORMATION_FORMAT = dwarf;
				ENABLE_STRICT_OBJC_MSGSEND = YES;
				ENABLE_TESTABILITY = YES;
				GCC_C_LANGUAGE_STANDARD = gnu99;
				GCC_DYNAMIC_NO_PIC = NO;
				GCC_NO_COMMON_BLOCKS = YES;
				GCC_OPTIMIZATION_LEVEL = 0;
				GCC_PREPROCESSOR_DEFINITIONS = (
					"DEBUG=1",
					"$(inherited)",
				);
				GCC_WARN_64_TO_32_BIT_CONVERSION = YES;
				GCC_WARN_ABOUT_RETURN_TYPE = YES_ERROR;
				GCC_WARN_UNDECLARED_SELECTOR = YES;
				GCC_WARN_UNINITIALIZED_AUTOS = YES_AGGRESSIVE;
				GCC_WARN_UNUSED_FUNCTION = YES;
				GCC_WARN_UNUSED_VARIABLE = YES;
				IPHONEOS_DEPLOYMENT_TARGET = 9.3;
				MTL_ENABLE_DEBUG_INFO = YES;
				ONLY_ACTIVE_ARCH = YES;
				SDKROOT = iphoneos;
			};
			name = Debug;
		};
		444BE98F1D4EE57900659BBA /* Release */ = {
			isa = XCBuildConfiguration;
			buildSettings = {
				ALWAYS_SEARCH_USER_PATHS = NO;
				CLANG_ANALYZER_NONNULL = YES;
				CLANG_CXX_LANGUAGE_STANDARD = "gnu++0x";
				CLANG_CXX_LIBRARY = "libc++";
				CLANG_ENABLE_MODULES = YES;
				CLANG_ENABLE_OBJC_ARC = YES;
				CLANG_WARN_BOOL_CONVERSION = YES;
				CLANG_WARN_CONSTANT_CONVERSION = YES;
				CLANG_WARN_DIRECT_OBJC_ISA_USAGE = YES_ERROR;
				CLANG_WARN_EMPTY_BODY = YES;
				CLANG_WARN_ENUM_CONVERSION = YES;
				CLANG_WARN_INT_CONVERSION = YES;
				CLANG_WARN_OBJC_ROOT_CLASS = YES_ERROR;
				CLANG_WARN_UNREACHABLE_CODE = YES;
				CLANG_WARN__DUPLICATE_METHOD_MATCH = YES;
				"CODE_SIGN_IDENTITY[sdk=iphoneos*]" = "iPhone Developer";
				COPY_PHASE_STRIP = NO;
				DEBUG_INFORMATION_FORMAT = "dwarf-with-dsym";
				ENABLE_NS_ASSERTIONS = NO;
				ENABLE_STRICT_OBJC_MSGSEND = YES;
				GCC_C_LANGUAGE_STANDARD = gnu99;
				GCC_NO_COMMON_BLOCKS = YES;
				GCC_WARN_64_TO_32_BIT_CONVERSION = YES;
				GCC_WARN_ABOUT_RETURN_TYPE = YES_ERROR;
				GCC_WARN_UNDECLARED_SELECTOR = YES;
				GCC_WARN_UNINITIALIZED_AUTOS = YES_AGGRESSIVE;
				GCC_WARN_UNUSED_FUNCTION = YES;
				GCC_WARN_UNUSED_VARIABLE = YES;
				IPHONEOS_DEPLOYMENT_TARGET = 9.3;
				MTL_ENABLE_DEBUG_INFO = NO;
				SDKROOT = iphoneos;
				VALIDATE_PRODUCT = YES;
			};
			name = Release;
		};
		444BE9911D4EE57900659BBA /* Debug */ = {
			isa = XCBuildConfiguration;
			buildSettings = {
				ASSETCATALOG_COMPILER_APPICON_NAME = AppIcon;
				INFOPLIST_FILE = RunloopExpress/Info.plist;
				LD_RUNPATH_SEARCH_PATHS = "$(inherited) @executable_path/Frameworks";
				PRODUCT_BUNDLE_IDENTIFIER = com.suning.RunloopExpress;
				PRODUCT_NAME = "$(TARGET_NAME)";
			};
			name = Debug;
		};
		444BE9921D4EE57900659BBA /* Release */ = {
			isa = XCBuildConfiguration;
			buildSettings = {
				ASSETCATALOG_COMPILER_APPICON_NAME = AppIcon;
				INFOPLIST_FILE = RunloopExpress/Info.plist;
				LD_RUNPATH_SEARCH_PATHS = "$(inherited) @executable_path/Frameworks";
				PRODUCT_BUNDLE_IDENTIFIER = com.suning.RunloopExpress;
				PRODUCT_NAME = "$(TARGET_NAME)";
			};
			name = Release;
		};
/* End XCBuildConfiguration section */

/* Begin XCConfigurationList section */
		444BE9741D4EE57900659BBA /* Build configuration list for PBXProject "RunloopExpress" */ = {
			isa = XCConfigurationList;
			buildConfigurations = (
				444BE98E1D4EE57900659BBA /* Debug */,
				444BE98F1D4EE57900659BBA /* Release */,
			);
			defaultConfigurationIsVisible = 0;
			defaultConfigurationName = Release;
		};
		444BE9901D4EE57900659BBA /* Build configuration list for PBXNativeTarget "RunloopExpress" */ = {
			isa = XCConfigurationList;
			buildConfigurations = (
				444BE9911D4EE57900659BBA /* Debug */,
				444BE9921D4EE57900659BBA /* Release */,
			);
			defaultConfigurationIsVisible = 0;
		};
/* End XCConfigurationList section */
	};
	rootObject = 444BE9711D4EE57900659BBA /* Project object */;
}
